
Microsoft Visual Studio Solution File, Format Version 12.00
# Visual Studio Version 16
VisualStudioVersion = 16.0.32106.194
MinimumVisualStudioVersion = 10.0.40219.1
Project("{FAE04EC0-301F-11D3-BF4B-00C04F79EFBC}") = "hada-p1", "hada-p1\hada-p1.csproj", "{CFEB3BC3-925E-4C75-BAFF-B0B5076BD8C8}"
EndProject
Global
	GlobalSection(SolutionConfigurationPlatforms) = preSolution
		Debug|Any CPU = Debug|Any CPU
		Release|Any CPU = Release|Any CPU
	EndGlobalSection
	GlobalSection(ProjectConfigurationPlatforms) = postSolution
		{CFEB3BC3-925E-4C75-BAFF-B0B5076BD8C8}.Debug|Any CPU.ActiveCfg = Debug|Any CPU
		{CFEB3BC3-925E-4C75-BAFF-B0B5076BD8C8}.Debug|Any CPU.Build.0 = Debug|Any CPU
		{CFEB3BC3-925E-4C75-BAFF-B0B5076BD8C8}.Release|Any CPU.ActiveCfg = Release|Any CPU
		{CFEB3BC3-925E-4C75-BAFF-B0B5076BD8C8}.Release|Any CPU.Build.0 = Release|Any CPU
	EndGlobalSection
	GlobalSection(SolutionProperties) = preSolution
		HideSolutionNode = FALSE
	EndGlobalSection
	GlobalSection(ExtensibilityGlobals) = postSolution
		SolutionGuid = {D3C46346-858F-4569-80DD-7554A9C7B5C1}
	EndGlobalSection
EndGlobal
